PODS:
  - '!ProtoCompiler (3.0.0)':
    - Protobuf (~> 3.0)
  - '!ProtoCompiler-gRPCPlugin (1.0.0)':
    - '!ProtoCompiler (= 3.0.0)'
    - gRPC-ProtoRPC (= 1.0.0)
  - BoringSSL (6.0):
    - BoringSSL/Implementation (= 6.0)
    - BoringSSL/Interface (= 6.0)
  - BoringSSL/Implementation (6.0):
    - BoringSSL/Interface (= 6.0)
  - BoringSSL/Interface (6.0)
  - gRPC (1.0.0):
    - gRPC-Core (= 1.0.0)
    - gRPC-RxLibrary (= 1.0.0)
  - gRPC-Core (1.0.0):
    - gRPC-Core/Implementation (= 1.0.0)
    - gRPC-Core/Interface (= 1.0.0)
  - gRPC-Core/Implementation (1.0.0):
    - BoringSSL (~> 6.0)
    - gRPC-Core/Interface (= 1.0.0)
  - gRPC-Core/Interface (1.0.0)
  - gRPC-ProtoRPC (1.0.0):
    - gRPC (= 1.0.0)
    - gRPC-RxLibrary (= 1.0.0)
    - Protobuf (~> 3.0)
  - gRPC-RxLibrary (1.0.0)
  - grpcService (0.0.2):
    - '!ProtoCompiler-gRPCPlugin (~> 1.0)'
    - grpcService/Messages (= 0.0.2)
    - grpcService/Services (= 0.0.2)
  - grpcService/Messages (0.0.2):
    - '!ProtoCompiler-gRPCPlugin (~> 1.0)'
    - Protobuf
  - grpcService/Services (0.0.2):
    - '!ProtoCompiler-gRPCPlugin (~> 1.0)'
    - gRPC-ProtoRPC
    - grpcService/Messages
  - Protobuf (3.1.0)

DEPENDENCIES:
  - grpcService (from `.`)

EXTERNAL SOURCES:
  grpcService:
    :path: .

SPEC CHECKSUMS:
  '!ProtoCompiler': b2bedbd8cbdafca8f73c2c52abfcc1a5ce0f5ff7
  '!ProtoCompiler-gRPCPlugin': c3f70b2094c99dcef29dd0658416f25c35a1c6f3
  BoringSSL: 8de34f3100d671c9cbc494e1a462004c486d7e34
  gRPC: 2d6b82f7a8773f933465bcbdf519a7cf8ebef41c
  gRPC-Core: 7ce9d18a7fb9fffc0f57646608d0741782b16996
  gRPC-ProtoRPC: 51745b5ebe4a844dc6e1ecf767d74ae3d124ea1e
  gRPC-RxLibrary: 3a8c5543115fb2183ed5624678e7ecbac5e9e4ad
  grpcService: 9aa2ad9663374ac8f6531298b4c67dd6b6b5d2f1
  Protobuf: 265e9977d04a83eba9cefb0bed3ad07e41033b4a

PODFILE CHECKSUM: ebe6356a379af8b39f3a7cc8927abbd7ed20f6e1

COCOAPODS: 1.1.0.beta.2
